// !$*UTF8*$!
{
	archiveVersion = 1;
	classes = {
	};
	objectVersion = 48;
	objects = {

/* Begin PBXBuildFile section */
		3F086D2C1FE75C2D00ED711C /* CollectionViewController.swift in Sources */ = {isa = PBXBuildFile; fileRef = 3F086D2B1FE75C2D00ED711C /* CollectionViewController.swift */; };
		3F086D2E1FE75D5A00ED711C /* ImageCell.swift in Sources */ = {isa = PBXBuildFile; fileRef = 3F086D2D1FE75D5A00ED711C /* ImageCell.swift */; };
		3F3F5F1A1FB5413100964516 /* AppDelegate.swift in Sources */ = {isa = PBXBuildFile; fileRef = 3F3F5F191FB5413100964516 /* AppDelegate.swift */; };
		3F3F5F1C1FB5413100964516 /* ViewController.swift in Sources */ = {isa = PBXBuildFile; fileRef = 3F3F5F1B1FB5413100964516 /* ViewController.swift */; };
		3F3F5F1F1FB5413100964516 /* Main.storyboard in Resources */ = {isa = PBXBuildFile; fileRef = 3F3F5F1D1FB5413100964516 /* Main.storyboard */; };
		3F3F5F211FB5413100964516 /* Assets.xcassets in Resources */ = {isa = PBXBuildFile; fileRef = 3F3F5F201FB5413100964516 /* Assets.xcassets */; };
		3F3F5F241FB5413100964516 /* LaunchScreen.storyboard in Resources */ = {isa = PBXBuildFile; fileRef = 3F3F5F221FB5413100964516 /* LaunchScreen.storyboard */; };
		3F3F5F2C1FB5437300964516 /* OperationDetailViewController.swift in Sources */ = {isa = PBXBuildFile; fileRef = 3F3F5F2B1FB5437300964516 /* OperationDetailViewController.swift */; };
		3F6837441FF4C5B700D88F62 /* Item.swift in Sources */ = {isa = PBXBuildFile; fileRef = 3F6837431FF4C5B700D88F62 /* Item.swift */; };
		3F8F59551FF4CA4900BD3BD4 /* ImageLoadOperation.swift in Sources */ = {isa = PBXBuildFile; fileRef = 3F8F59541FF4CA4900BD3BD4 /* ImageLoadOperation.swift */; };
/* End PBXBuildFile section */

/* Begin PBXFileReference section */
		3F086D2B1FE75C2D00ED711C /* CollectionViewController.swift */ = {isa = PBXFileReference; lastKnownFileType = sourcecode.swift; path = CollectionViewController.swift; sourceTree = "<group>"; };
		3F086D2D1FE75D5A00ED711C /* ImageCell.swift */ = {isa = PBXFileReference; lastKnownFileType = sourcecode.swift; path = ImageCell.swift; sourceTree = "<group>"; };
		3F3F5F161FB5413100964516 /* NSOperationDemo.app */ = {isa = PBXFileReference; explicitFileType = wrapper.application; includeInIndex = 0; path = NSOperationDemo.app; sourceTree = BUILT_PRODUCTS_DIR; };
		3F3F5F191FB5413100964516 /* AppDelegate.swift */ = {isa = PBXFileReference; lastKnownFileType = sourcecode.swift; path = AppDelegate.swift; sourceTree = "<group>"; };
		3F3F5F1B1FB5413100964516 /* ViewController.swift */ = {isa = PBXFileReference; lastKnownFileType = sourcecode.swift; path = ViewController.swift; sourceTree = "<group>"; };
		3F3F5F1E1FB5413100964516 /* Base */ = {isa = PBXFileReference; lastKnownFileType = file.storyboard; name = Base; path = Base.lproj/Main.storyboard; sourceTree = "<group>"; };
		3F3F5F201FB5413100964516 /* Assets.xcassets */ = {isa = PBXFileReference; lastKnownFileType = folder.assetcatalog; path = Assets.xcassets; sourceTree = "<group>"; };
		3F3F5F231FB5413100964516 /* Base */ = {isa = PBXFileReference; lastKnownFileType = file.storyboard; name = Base; path = Base.lproj/LaunchScreen.storyboard; sourceTree = "<group>"; };
		3F3F5F251FB5413100964516 /* Info.plist */ = {isa = PBXFileReference; lastKnownFileType = text.plist.xml; path = Info.plist; sourceTree = "<group>"; };
		3F3F5F2B1FB5437300964516 /* OperationDetailViewController.swift */ = {isa = PBXFileReference; lastKnownFileType = sourcecode.swift; path = OperationDetailViewController.swift; sourceTree = "<group>"; };
		3F6837431FF4C5B700D88F62 /* Item.swift */ = {isa = PBXFileReference; lastKnownFileType = sourcecode.swift; path = Item.swift; sourceTree = "<group>"; };
		3F8F59541FF4CA4900BD3BD4 /* ImageLoadOperation.swift */ = {isa = PBXFileReference; lastKnownFileType = sourcecode.swift; path = ImageLoadOperation.swift; sourceTree = "<group>"; };
/* End PBXFileReference section */

/* Begin PBXFrameworksBuildPhase section */
		3F3F5F131FB5413100964516 /* Frameworks */ = {
			isa = PBXFrameworksBuildPhase;
			buildActionMask = 2147483647;
			files = (
			);
			runOnlyForDeploymentPostprocessing = 0;
		};
/* End PBXFrameworksBuildPhase section */

/* Begin PBXGroup section */
		3F3F5F0D1FB5413100964516 = {
			isa = PBXGroup;
			children = (
				3F3F5F181FB5413100964516 /* NSOperationDemo */,
				3F3F5F171FB5413100964516 /* Products */,
			);
			sourceTree = "<group>";
		};
		3F3F5F171FB5413100964516 /* Products */ = {
			isa = PBXGroup;
			children = (
				3F3F5F161FB5413100964516 /* NSOperationDemo.app */,
			);
			name = Products;
			sourceTree = "<group>";
		};
		3F3F5F181FB5413100964516 /* NSOperationDemo */ = {
			isa = PBXGroup;
			children = (
				3F3F5F191FB5413100964516 /* AppDelegate.swift */,
				3F3F5F1B1FB5413100964516 /* ViewController.swift */,
				3F3F5F2B1FB5437300964516 /* OperationDetailViewController.swift */,
				3F086D2B1FE75C2D00ED711C /* CollectionViewController.swift */,
				3F6837431FF4C5B700D88F62 /* Item.swift */,
				3F086D2D1FE75D5A00ED711C /* ImageCell.swift */,
				3F8F59541FF4CA4900BD3BD4 /* ImageLoadOperation.swift */,
				3F3F5F201FB5413100964516 /* Assets.xcassets */,
				3F3F5F1D1FB5413100964516 /* Main.storyboard */,
				3F3F5F221FB5413100964516 /* LaunchScreen.storyboard */,
				3F3F5F251FB5413100964516 /* Info.plist */,
			);
			path = NSOperationDemo;
			sourceTree = "<group>";
		};
/* End PBXGroup section */

/* Begin PBXNativeTarget section */
		3F3F5F151FB5413100964516 /* NSOperationDemo */ = {
			isa = PBXNativeTarget;
			buildConfigurationList = 3F3F5F281FB5413100964516 /* Build configuration list for PBXNativeTarget "NSOperationDemo" */;
			buildPhases = (
				3F3F5F121FB5413100964516 /* Sources */,
				3F3F5F131FB5413100964516 /* Frameworks */,
				3F3F5F141FB5413100964516 /* Resources */,
			);
			buildRules = (
			);
			dependencies = (
			);
			name = NSOperationDemo;
			productName = NSOperationDemo;
			productReference = 3F3F5F161FB5413100964516 /* NSOperationDemo.app */;
			productType = "com.apple.product-type.application";
		};
/* End PBXNativeTarget section */

/* Begin PBXProject section */
		3F3F5F0E1FB5413100964516 /* Project object */ = {
			isa = PBXProject;
			attributes = {
				LastSwiftUpdateCheck = 0910;
				LastUpgradeCheck = 0910;
				ORGANIZATIONNAME = Nino;
				TargetAttributes = {
					3F3F5F151FB5413100964516 = {
						CreatedOnToolsVersion = 9.1;
						ProvisioningStyle = Automatic;
					};
				};
			};
			buildConfigurationList = 3F3F5F111FB5413100964516 /* Build configuration list for PBXProject "NSOperationDemo" */;
			compatibilityVersion = "Xcode 8.0";
			developmentRegion = en;
			hasScannedForEncodings = 0;
			knownRegions = (
				en,
				Base,
			);
			mainGroup = 3F3F5F0D1FB5413100964516;
			productRefGroup = 3F3F5F171FB5413100964516 /* Products */;
			projectDirPath = "";
			projectRoot = "";
			targets = (
				3F3F5F151FB5413100964516 /* NSOperationDemo */,
			);
		};
/* End PBXProject section */

/* Begin PBXResourcesBuildPhase section */
		3F3F5F141FB5413100964516 /* Resources */ = {
			isa = PBXResourcesBuildPhase;
			buildActionMask = 2147483647;
			files = (
				3F3F5F241FB5413100964516 /* LaunchScreen.storyboard in Resources */,
				3F3F5F211FB5413100964516 /* Assets.xcassets in Resources */,
				3F3F5F1F1FB5413100964516 /* Main.storyboard in Resources */,
			);
			runOnlyForDeploymentPostprocessing = 0;
		};
/* End PBXResourcesBuildPhase section */

/* Begin PBXSourcesBuildPhase section */
		3F3F5F121FB5413100964516 /* Sources */ = {
			isa = PBXSourcesBuildPhase;
			buildActionMask = 2147483647;
			files = (
				3F086D2C1FE75C2D00ED711C /* CollectionViewController.swift in Sources */,
				3F3F5F1C1FB5413100964516 /* ViewController.swift in Sources */,
				3F8F59551FF4CA4900BD3BD4 /* ImageLoadOperation.swift in Sources */,
				3F3F5F2C1FB5437300964516 /* OperationDetailViewController.swift in Sources */,
				3F3F5F1A1FB5413100964516 /* AppDelegate.swift in Sources */,
				3F6837441FF4C5B700D88F62 /* Item.swift in Sources */,
				3F086D2E1FE75D5A00ED711C /* ImageCell.swift in Sources */,
			);
			runOnlyForDeploymentPostprocessing = 0;
		};
/* End PBXSourcesBuildPhase section */

/* Begin PBXVariantGroup section */
		3F3F5F1D1FB5413100964516 /* Main.storyboard */ = {
			isa = PBXVariantGroup;
			children = (
				3F3F5F1E1FB5413100964516 /* Base */,
			);
			name = Main.storyboard;
			sourceTree = "<group>";
		};
		3F3F5F221FB5413100964516 /* LaunchScreen.storyboard */ = {
			isa = PBXVariantGroup;
			children = (
				3F3F5F231FB5413100964516 /* Base */,
			);
			name = LaunchScreen.storyboard;
			sourceTree = "<group>";
		};
/* End PBXVariantGroup section */

/* Begin XCBuildConfiguration section */
		3F3F5F261FB5413100964516 /* Debug */ = {
			isa = XCBuildConfiguration;
			buildSettings = {
				ALWAYS_SEARCH_USER_PATHS = NO;
				CLANG_ANALYZER_NONNULL = YES;
				CLANG_ANALYZER_NUMBER_OBJECT_CONVERSION = YES_AGGRESSIVE;
				CLANG_CXX_LANGUAGE_STANDARD = "gnu++14";
				CLANG_CXX_LIBRARY = "libc++";
				CLANG_ENABLE_MODULES = YES;
				CLANG_ENABLE_OBJC_ARC = YES;
				CLANG_WARN_BLOCK_CAPTURE_AUTORELEASING = YES;
				CLANG_WARN_BOOL_CONVERSION = YES;
				CLANG_WARN_COMMA = YES;
				CLANG_WARN_CONSTANT_CONVERSION = YES;
				CLANG_WARN_DIRECT_OBJC_ISA_USAGE = YES_ERROR;
				CLANG_WARN_DOCUMENTATION_COMMENTS = YES;
				CLANG_WARN_EMPTY_BODY = YES;
				CLANG_WARN_ENUM_CONVERSION = YES;
				CLANG_WARN_INFINITE_RECURSION = YES;
				CLANG_WARN_INT_CONVERSION = YES;
				CLANG_WARN_NON_LITERAL_NULL_CONVERSION = YES;
				CLANG_WARN_OBJC_LITERAL_CONVERSION = YES;
				CLANG_WARN_OBJC_ROOT_CLASS = YES_ERROR;
				CLANG_WARN_RANGE_LOOP_ANALYSIS = YES;
				CLANG_WARN_STRICT_PROTOTYPES = YES;
				CLANG_WARN_SUSPICIOUS_MOVE = YES;
				CLANG_WARN_UNGUARDED_AVAILABILITY = YES_AGGRESSIVE;
				CLANG_WARN_UNREACHABLE_CODE = YES;
				CLANG_WARN__DUPLICATE_METHOD_MATCH = YES;
				CODE_SIGN_IDENTITY = "iPhone Developer";
				COPY_PHASE_STRIP = NO;
				DEBUG_INFORMATION_FORMAT = dwarf;
				ENABLE_STRICT_OBJC_MSGSEND = YES;
				ENABLE_TESTABILITY = YES;
				GCC_C_LANGUAGE_STANDARD = gnu11;
				GCC_DYNAMIC_NO_PIC = NO;
				GCC_NO_COMMON_BLOCKS = YES;
				GCC_OPTIMIZATION_LEVEL = 0;
				GCC_PREPROCESSOR_DEFINITIONS = (
					"DEBUG=1",
					"$(inherited)",
				);
				GCC_WARN_64_TO_32_BIT_CONVERSION = YES;
				GCC_WARN_ABOUT_RETURN_TYPE = YES_ERROR;
				GCC_WARN_UNDECLARED_SELECTOR = YES;
				GCC_WARN_UNINITIALIZED_AUTOS = YES_AGGRESSIVE;
				GCC_WARN_UNUSED_FUNCTION = YES;
				GCC_WARN_UNUSED_VARIABLE = YES;
				IPHONEOS_DEPLOYMENT_TARGET = 11.1;
				MTL_ENABLE_DEBUG_INFO = YES;
				ONLY_ACTIVE_ARCH = YES;
				SDKROOT = iphoneos;
				SWIFT_ACTIVE_COMPILATION_CONDITIONS = DEBUG;
				SWIFT_OPTIMIZATION_LEVEL = "-Onone";
			};
			name = Debug;
		};
		3F3F5F271FB5413100964516 /* Release */ = {
			isa = XCBuildConfiguration;
			buildSettings = {
				ALWAYS_SEARCH_USER_PATHS = NO;
				CLANG_ANALYZER_NONNULL = YES;
				CLANG_ANALYZER_NUMBER_OBJECT_CONVERSION = YES_AGGRESSIVE;
				CLANG_CXX_LANGUAGE_STANDARD = "gnu++14";
				CLANG_CXX_LIBRARY = "libc++";
				CLANG_ENABLE_MODULES = YES;
				CLANG_ENABLE_OBJC_ARC = YES;
				CLANG_WARN_BLOCK_CAPTURE_AUTORELEASING = YES;
				CLANG_WARN_BOOL_CONVERSION = YES;
				CLANG_WARN_COMMA = YES;
				CLANG_WARN_CONSTANT_CONVERSION = YES;
				CLANG_WARN_DIRECT_OBJC_ISA_USAGE = YES_ERROR;
				CLANG_WARN_DOCUMENTATION_COMMENTS = YES;
				CLANG_WARN_EMPTY_BODY = YES;
				CLANG_WARN_ENUM_CONVERSION = YES;
				CLANG_WARN_INFINITE_RECURSION = YES;
				CLANG_WARN_INT_CONVERSION = YES;
				CLANG_WARN_NON_LITERAL_NULL_CONVERSION = YES;
				CLANG_WARN_OBJC_LITERAL_CONVERSION = YES;
				CLANG_WARN_OBJC_ROOT_CLASS = YES_ERROR;
				CLANG_WARN_RANGE_LOOP_ANALYSIS = YES;
				CLANG_WARN_STRICT_PROTOTYPES = YES;
				CLANG_WARN_SUSPICIOUS_MOVE = YES;
				CLANG_WARN_UNGUARDED_AVAILABILITY = YES_AGGRESSIVE;
				CLANG_WARN_UNREACHABLE_CODE = YES;
				CLANG_WARN__DUPLICATE_METHOD_MATCH = YES;
				CODE_SIGN_IDENTITY = "iPhone Developer";
				COPY_PHASE_STRIP = NO;
				DEBUG_INFORMATION_FORMAT = "dwarf-with-dsym";
				ENABLE_NS_ASSERTIONS = NO;
				ENABLE_STRICT_OBJC_MSGSEND = YES;
				GCC_C_LANGUAGE_STANDARD = gnu11;
				GCC_NO_COMMON_BLOCKS = YES;
				GCC_WARN_64_TO_32_BIT_CONVERSION = YES;
				GCC_WARN_ABOUT_RETURN_TYPE = YES_ERROR;
				GCC_WARN_UNDECLARED_SELECTOR = YES;
				GCC_WARN_UNINITIALIZED_AUTOS = YES_AGGRESSIVE;
				GCC_WARN_UNUSED_FUNCTION = YES;
				GCC_WARN_UNUSED_VARIABLE = YES;
				IPHONEOS_DEPLOYMENT_TARGET = 11.1;
				MTL_ENABLE_DEBUG_INFO = NO;
				SDKROOT = iphoneos;
				SWIFT_OPTIMIZATION_LEVEL = "-Owholemodule";
				VALIDATE_PRODUCT = YES;
			};
			name = Release;
		};
		3F3F5F291FB5413100964516 /* Debug */ = {
			isa = XCBuildConfiguration;
			buildSettings = {
				ASSETCATALOG_COMPILER_APPICON_NAME = AppIcon;
				CODE_SIGN_STYLE = Automatic;
				DEVELOPMENT_TEAM = LR5S76S5LC;
				INFOPLIST_FILE = NSOperationDemo/Info.plist;
				LD_RUNPATH_SEARCH_PATHS = "$(inherited) @executable_path/Frameworks";
				PRODUCT_BUNDLE_IDENTIFIER = Nino.NSOperationDemo;
				PRODUCT_NAME = "$(TARGET_NAME)";
				SWIFT_VERSION = 4.0;
				TARGETED_DEVICE_FAMILY = "1,2";
			};
			name = Debug;
		};
		3F3F5F2A1FB5413100964516 /* Release */ = {
			isa = XCBuildConfiguration;
			buildSettings = {
				ASSETCATALOG_COMPILER_APPICON_NAME = AppIcon;
				CODE_SIGN_STYLE = Automatic;
				DEVELOPMENT_TEAM = LR5S76S5LC;
				INFOPLIST_FILE = NSOperationDemo/Info.plist;
				LD_RUNPATH_SEARCH_PATHS = "$(inherited) @executable_path/Frameworks";
				PRODUCT_BUNDLE_IDENTIFIER = Nino.NSOperationDemo;
				PRODUCT_NAME = "$(TARGET_NAME)";
				SWIFT_VERSION = 4.0;
				TARGETED_DEVICE_FAMILY = "1,2";
			};
			name = Release;
		};
/* End XCBuildConfiguration section */

/* Begin XCConfigurationList section */
		3F3F5F111FB5413100964516 /* Build configuration list for PBXProject "NSOperationDemo" */ = {
			isa = XCConfigurationList;
			buildConfigurations = (
				3F3F5F261FB5413100964516 /* Debug */,
				3F3F5F271FB5413100964516 /* Release */,
			);
			defaultConfigurationIsVisible = 0;
			defaultConfigurationName = Release;
		};
		3F3F5F281FB5413100964516 /* Build configuration list for PBXNativeTarget "NSOperationDemo" */ = {
			isa = XCConfigurationList;
			buildConfigurations = (
				3F3F5F291FB5413100964516 /* Debug */,
				3F3F5F2A1FB5413100964516 /* Release */,
			);
			defaultConfigurationIsVisible = 0;
			defaultConfigurationName = Release;
		};
/* End XCConfigurationList section */
	};
	rootObject = 3F3F5F0E1FB5413100964516 /* Project object */;
}
